# This file is automatically @generated by Cargo.
# It is not intended for manual editing.
version = 3

[[package]]
name = "ferro-asm"
version = "0.1.0"
dependencies = [
 "ferro-common",
 "ferro-isa",
]

[[package]]
name = "ferro-audio"
version = "0.1.0"
dependencies = [
 "ferro-bus",
 "ferro-common",
]

[[package]]
name = "ferro-bus"
version = "0.1.0"
dependencies = [
 "ferro-common",
]

[[package]]
name = "ferro-cli"
version = "0.1.0"
dependencies = [
 "ferro-asm",
 "ferro-common",
 "ferro-vm",
]

[[package]]
name = "ferro-common"
version = "0.1.0"

[[package]]
name = "ferro-cpu"
version = "0.1.0"
dependencies = [
 "ferro-bus",
 "ferro-common",
 "ferro-isa",
 "ferro-mem",
]

[[package]]
name = "ferro-gpu"
version = "0.1.0"
dependencies = [
 "ferro-bus",
 "ferro-common",
 "ferro-mem",
]

[[package]]
name = "ferro-host"
version = "0.1.0"
dependencies = [
 "ferro-common",
 "ferro-vm",
]

[[package]]
name = "ferro-isa"
version = "0.1.0"
dependencies = [
 "ferro-common",
]

[[package]]
name = "ferro-kernel"
version = "0.1.0"
dependencies = [
 "ferro-bus",
 "ferro-common",
 "ferro-cpu",
 "ferro-mem",
 "ferro-net",
 "ferro-storage",
]

[[package]]
name = "ferro-mem"
version = "0.1.0"
dependencies = [
 "ferro-common",
]

[[package]]
name = "ferro-net"
version = "0.1.0"
dependencies = [
 "ferro-bus",
 "ferro-common",
]

[[package]]
name = "ferro-sdk"
version = "0.1.0"
dependencies = [
 "ferro-common",
 "ferro-isa",
]

[[package]]
name = "ferro-storage"
version = "0.1.0"
dependencies = [
 "ferro-bus",
 "ferro-common",
]

[[package]]
name = "ferro-vm"
version = "0.1.0"
dependencies = [
 "ferro-audio",
 "ferro-bus",
 "ferro-common",
 "ferro-cpu",
 "ferro-gpu",
 "ferro-isa",
 "ferro-kernel",
 "ferro-mem",
 "ferro-net",
 "ferro-storage",
]

[[package]]
name = "xtask"
version = "0.1.0"
